{
  "nodes": {
    "nixpkgs": {
      "locked": {
        "lastModified": 1790351365,
        "narHash": "sha256-Lo398Vtg4+yC+UL1xHcGDLDNSW8G5IDAMz2I7eOHU80=",
        "owner": "NixOS",
        "repo": "nixpkgs",
        "rev": "9d264046a8ebda5adfcc8620fcf471503278601f",
        "type": "github"
      },
      "original": {
        "owner": "NixOS",
        "repo": "nixpkgs",
        "type": "github"
      }
    },
    "root": {
      "inputs": {
        "nixpkgs": "nixpkgs"
      }
    }
  },
  "root": "root",
  "version": 7
}
